
Microsoft Visual Studio Solution File, Format Version 12.00
# Visual Studio 14
VisualStudioVersion = 14.0.25420.1
MinimumVisualStudioVersion = 10.0.40219.1
Project("{FAE04EC0-301F-11D3-BF4B-00C04F79EFBC}") = "Ixq.Core", "src\Ixq.Core\Ixq.Core.csproj", "{864E067D-7FBB-4E33-A31D-E3006CD0809C}"
EndProject
Project("{FAE04EC0-301F-11D3-BF4B-00C04F79EFBC}") = "Ixq.Data", "src\Ixq.Data\Ixq.Data.csproj", "{7685A3B6-3B22-46F8-8B73-E49D02812961}"
EndProject
Project("{FAE04EC0-301F-11D3-BF4B-00C04F79EFBC}") = "Ixq.Extensions", "src\Ixq.Extensions\Ixq.Extensions.csproj", "{D55F3FA0-8638-49C3-8998-0425871C1420}"
EndProject
Project("{FAE04EC0-301F-11D3-BF4B-00C04F79EFBC}") = "Ixq.Identity", "src\Ixq.Identity\Ixq.Identity.csproj", "{C2EC0953-6103-4F81-A548-B53788688C34}"
EndProject
Project("{FAE04EC0-301F-11D3-BF4B-00C04F79EFBC}") = "Ixq.DependencyInjection.Autofac", "src\Ixq.DependencyInjection.Autofac\Ixq.DependencyInjection.Autofac.csproj", "{99337276-4A1A-439C-A323-AC86CA2929C3}"
EndProject
Project("{FAE04EC0-301F-11D3-BF4B-00C04F79EFBC}") = "Ixq.Demo.Web", "demo\Ixq.Demo.Web\Ixq.Demo.Web.csproj", "{9395BB9D-6345-4C7F-AC68-35579B32A257}"
EndProject
Project("{2150E333-8FDC-42A3-9474-1A3956D46DE8}") = "2.demo", "2.demo", "{11C09600-E4C6-4EB5-8D4B-014F9AF86AD1}"
EndProject
Project("{FAE04EC0-301F-11D3-BF4B-00C04F79EFBC}") = "Ixq.Demo.Entities", "demo\Ixq.Demo.Entities\Ixq.Demo.Entities.csproj", "{65364A79-F3F1-4B7E-9BE7-2EE424258EF7}"
EndProject
Project("{FAE04EC0-301F-11D3-BF4B-00C04F79EFBC}") = "ixq.Demo.DbContext", "demo\ixq.Demo.DbContext\ixq.Demo.DbContext.csproj", "{CB998C97-C593-424D-A366-88C412E477FF}"
EndProject
Project("{2150E333-8FDC-42A3-9474-1A3956D46DE8}") = "1.Framework", "1.Framework", "{860DC603-F0EE-4E74-8A39-1799FE162601}"
EndProject
Project("{FAE04EC0-301F-11D3-BF4B-00C04F79EFBC}") = "Ixq.Web.Mvc", "src\Ixq.Web.Mvc\Ixq.Web.Mvc.csproj", "{BDC5D24E-2D1B-4AF3-AB42-A9AD3F0211D5}"
EndProject
Project("{FAE04EC0-301F-11D3-BF4B-00C04F79EFBC}") = "Ixq.Mapper.AutoMapper", "src\Ixq.Mapper.AutoMapper\Ixq.Mapper.AutoMapper.csproj", "{3CCC94EB-2579-41B9-A9E4-2FA03A114275}"
EndProject
Global
	GlobalSection(SolutionConfigurationPlatforms) = preSolution
		Debug|Any CPU = Debug|Any CPU
		Release|Any CPU = Release|Any CPU
	EndGlobalSection
	GlobalSection(ProjectConfigurationPlatforms) = postSolution
		{864E067D-7FBB-4E33-A31D-E3006CD0809C}.Debug|Any CPU.ActiveCfg = Debug|Any CPU
		{864E067D-7FBB-4E33-A31D-E3006CD0809C}.Debug|Any CPU.Build.0 = Debug|Any CPU
		{864E067D-7FBB-4E33-A31D-E3006CD0809C}.Release|Any CPU.ActiveCfg = Release|Any CPU
		{864E067D-7FBB-4E33-A31D-E3006CD0809C}.Release|Any CPU.Build.0 = Release|Any CPU
		{7685A3B6-3B22-46F8-8B73-E49D02812961}.Debug|Any CPU.ActiveCfg = Debug|Any CPU
		{7685A3B6-3B22-46F8-8B73-E49D02812961}.Debug|Any CPU.Build.0 = Debug|Any CPU
		{7685A3B6-3B22-46F8-8B73-E49D02812961}.Release|Any CPU.ActiveCfg = Release|Any CPU
		{7685A3B6-3B22-46F8-8B73-E49D02812961}.Release|Any CPU.Build.0 = Release|Any CPU
		{D55F3FA0-8638-49C3-8998-0425871C1420}.Debug|Any CPU.ActiveCfg = Debug|Any CPU
		{D55F3FA0-8638-49C3-8998-0425871C1420}.Debug|Any CPU.Build.0 = Debug|Any CPU
		{D55F3FA0-8638-49C3-8998-0425871C1420}.Release|Any CPU.ActiveCfg = Release|Any CPU
		{D55F3FA0-8638-49C3-8998-0425871C1420}.Release|Any CPU.Build.0 = Release|Any CPU
		{C2EC0953-6103-4F81-A548-B53788688C34}.Debug|Any CPU.ActiveCfg = Debug|Any CPU
		{C2EC0953-6103-4F81-A548-B53788688C34}.Debug|Any CPU.Build.0 = Debug|Any CPU
		{C2EC0953-6103-4F81-A548-B53788688C34}.Release|Any CPU.ActiveCfg = Release|Any CPU
		{C2EC0953-6103-4F81-A548-B53788688C34}.Release|Any CPU.Build.0 = Release|Any CPU
		{99337276-4A1A-439C-A323-AC86CA2929C3}.Debug|Any CPU.ActiveCfg = Debug|Any CPU
		{99337276-4A1A-439C-A323-AC86CA2929C3}.Debug|Any CPU.Build.0 = Debug|Any CPU
		{99337276-4A1A-439C-A323-AC86CA2929C3}.Release|Any CPU.ActiveCfg = Release|Any CPU
		{99337276-4A1A-439C-A323-AC86CA2929C3}.Release|Any CPU.Build.0 = Release|Any CPU
		{9395BB9D-6345-4C7F-AC68-35579B32A257}.Debug|Any CPU.ActiveCfg = Debug|Any CPU
		{9395BB9D-6345-4C7F-AC68-35579B32A257}.Debug|Any CPU.Build.0 = Debug|Any CPU
		{9395BB9D-6345-4C7F-AC68-35579B32A257}.Release|Any CPU.ActiveCfg = Release|Any CPU
		{9395BB9D-6345-4C7F-AC68-35579B32A257}.Release|Any CPU.Build.0 = Release|Any CPU
		{65364A79-F3F1-4B7E-9BE7-2EE424258EF7}.Debug|Any CPU.ActiveCfg = Debug|Any CPU
		{65364A79-F3F1-4B7E-9BE7-2EE424258EF7}.Debug|Any CPU.Build.0 = Debug|Any CPU
		{65364A79-F3F1-4B7E-9BE7-2EE424258EF7}.Release|Any CPU.ActiveCfg = Release|Any CPU
		{65364A79-F3F1-4B7E-9BE7-2EE424258EF7}.Release|Any CPU.Build.0 = Release|Any CPU
		{CB998C97-C593-424D-A366-88C412E477FF}.Debug|Any CPU.ActiveCfg = Debug|Any CPU
		{CB998C97-C593-424D-A366-88C412E477FF}.Debug|Any CPU.Build.0 = Debug|Any CPU
		{CB998C97-C593-424D-A366-88C412E477FF}.Release|Any CPU.ActiveCfg = Release|Any CPU
		{CB998C97-C593-424D-A366-88C412E477FF}.Release|Any CPU.Build.0 = Release|Any CPU
		{BDC5D24E-2D1B-4AF3-AB42-A9AD3F0211D5}.Debug|Any CPU.ActiveCfg = Debug|Any CPU
		{BDC5D24E-2D1B-4AF3-AB42-A9AD3F0211D5}.Debug|Any CPU.Build.0 = Debug|Any CPU
		{BDC5D24E-2D1B-4AF3-AB42-A9AD3F0211D5}.Release|Any CPU.ActiveCfg = Release|Any CPU
		{BDC5D24E-2D1B-4AF3-AB42-A9AD3F0211D5}.Release|Any CPU.Build.0 = Release|Any CPU
		{3CCC94EB-2579-41B9-A9E4-2FA03A114275}.Debug|Any CPU.ActiveCfg = Debug|Any CPU
		{3CCC94EB-2579-41B9-A9E4-2FA03A114275}.Debug|Any CPU.Build.0 = Debug|Any CPU
		{3CCC94EB-2579-41B9-A9E4-2FA03A114275}.Release|Any CPU.ActiveCfg = Release|Any CPU
		{3CCC94EB-2579-41B9-A9E4-2FA03A114275}.Release|Any CPU.Build.0 = Release|Any CPU
	EndGlobalSection
	GlobalSection(SolutionProperties) = preSolution
		HideSolutionNode = FALSE
	EndGlobalSection
	GlobalSection(NestedProjects) = preSolution
		{864E067D-7FBB-4E33-A31D-E3006CD0809C} = {860DC603-F0EE-4E74-8A39-1799FE162601}
		{7685A3B6-3B22-46F8-8B73-E49D02812961} = {860DC603-F0EE-4E74-8A39-1799FE162601}
		{D55F3FA0-8638-49C3-8998-0425871C1420} = {860DC603-F0EE-4E74-8A39-1799FE162601}
		{C2EC0953-6103-4F81-A548-B53788688C34} = {860DC603-F0EE-4E74-8A39-1799FE162601}
		{99337276-4A1A-439C-A323-AC86CA2929C3} = {860DC603-F0EE-4E74-8A39-1799FE162601}
		{9395BB9D-6345-4C7F-AC68-35579B32A257} = {11C09600-E4C6-4EB5-8D4B-014F9AF86AD1}
		{65364A79-F3F1-4B7E-9BE7-2EE424258EF7} = {11C09600-E4C6-4EB5-8D4B-014F9AF86AD1}
		{CB998C97-C593-424D-A366-88C412E477FF} = {11C09600-E4C6-4EB5-8D4B-014F9AF86AD1}
		{BDC5D24E-2D1B-4AF3-AB42-A9AD3F0211D5} = {860DC603-F0EE-4E74-8A39-1799FE162601}
		{3CCC94EB-2579-41B9-A9E4-2FA03A114275} = {860DC603-F0EE-4E74-8A39-1799FE162601}
	EndGlobalSection
EndGlobal
